{
  "nodes": {
    "brew-src": {
      "flake": false,
      "locked": {
        "lastModified": 1727016223,
        "narHash": "sha256-iZqd91Cp4O02BU6/eBZ0UZgJN8AlwH+0geQUpqF176E=",
        "owner": "Homebrew",
        "repo": "brew",
        "rev": "916044581862c32fc2365e8e9ff0b1507a98925e",
        "type": "github"
      },
      "original": {
        "owner": "Homebrew",
        "ref": "4.3.24",
        "repo": "brew",
        "type": "github"
      }
    },
    "flake-utils": {
      "inputs": {
        "systems": "systems"
      },
      "locked": {
        "lastModified": 1710146030,
        "narHash": "sha256-SZ5L6eA7HJ/nmkzGG7/ISclqe6oZdOZTNoesiInkXPQ=",
        "owner": "numtide",
        "repo": "flake-utils",
        "rev": "b1d9ab70662946ef0850d488da1c9019f3a9752a",
        "type": "github"
      },
      "original": {
        "owner": "numtide",
        "repo": "flake-utils",
        "type": "github"
      }
    },
    "home-manager": {
      "inputs": {
        "nixpkgs": [
          "nixpkgs"
        ]
      },
      "locked": {
        "lastModified": 1728598744,
        "narHash": "sha256-sSfvyO5xH3HObHHmh6lp/hcvo7tMjFKd/HXpxyrRnoE=",
        "owner": "nix-community",
        "repo": "home-manager",
        "rev": "342a1d682386d3a1d74f9555cb327f2f311dda6e",
        "type": "github"
      },
      "original": {
        "owner": "nix-community",
        "repo": "home-manager",
        "type": "github"
      }
    },
    "homebrew-bundle": {
      "flake": false,
      "locked": {
        "lastModified": 1728638697,
        "narHash": "sha256-wut6dMdgveQpIKBQiOoq898AmMPFXEMCLvaxGYdqn3k=",
        "owner": "homebrew",
        "repo": "homebrew-bundle",
        "rev": "836b67f84a21deec9016253f41f994c2a98cea15",
        "type": "github"
      },
      "original": {
        "owner": "homebrew",
        "repo": "homebrew-bundle",
        "type": "github"
      }
    },
    "homebrew-cask": {
      "flake": false,
      "locked": {
        "lastModified": 1728640622,
        "narHash": "sha256-54zSD1taehLSZtmzRcz4rzldRroa+v6GV8oM5xe+01I=",
        "owner": "homebrew",
        "repo": "homebrew-cask",
        "rev": "8f9910194b2290ce2ca2c1c04a174eff1ce8c761",
        "type": "github"
      },
      "original": {
        "owner": "homebrew",
        "repo": "homebrew-cask",
        "type": "github"
      }
    },
    "homebrew-core": {
      "flake": false,
      "locked": {
        "lastModified": 1728640611,
        "narHash": "sha256-T6ytDqz0Rgxw9EdWbPqC8lTCX83w/gWGKFwZBj+xzCE=",
        "owner": "homebrew",
        "repo": "homebrew-core",
        "rev": "a0323df388d52d7aba94bdb78cc1375619d55cd1",
        "type": "github"
      },
      "original": {
        "owner": "homebrew",
        "repo": "homebrew-core",
        "type": "github"
      }
    },
    "impermanence": {
      "locked": {
        "lastModified": 1727649413,
        "narHash": "sha256-FA53of86DjFdeQzRDVtvgWF9o52rWK70VHGx0Y8fElQ=",
        "owner": "nix-community",
        "repo": "impermanence",
        "rev": "d0b38e550039a72aff896ee65b0918e975e6d48e",
        "type": "github"
      },
      "original": {
        "owner": "nix-community",
        "repo": "impermanence",
        "type": "github"
      }
    },
    "nix-darwin": {
      "inputs": {
        "nixpkgs": [
          "nixpkgs"
        ]
      },
      "locked": {
        "lastModified": 1728385805,
        "narHash": "sha256-mUd38b0vhB7yzgAjNOaFz7VY9xIVzlbn3P2wjGBcVV0=",
        "owner": "LnL7",
        "repo": "nix-darwin",
        "rev": "48b50b3b137be5cfb9f4d006835ce7c3fe558ccc",
        "type": "github"
      },
      "original": {
        "owner": "LnL7",
        "repo": "nix-darwin",
        "type": "github"
      }
    },
    "nix-darwin_2": {
      "inputs": {
        "nixpkgs": "nixpkgs"
      },
      "locked": {
        "lastModified": 1716329735,
        "narHash": "sha256-ap51w+VqG21vuzyQ04WrhI2YbWHd3UGz0e7dc/QQmoA=",
        "owner": "LnL7",
        "repo": "nix-darwin",
        "rev": "eac4f25028c1975a939c8f8fba95c12f8a25e01c",
        "type": "github"
      },
      "original": {
        "owner": "LnL7",
        "repo": "nix-darwin",
        "type": "github"
      }
    },
    "nix-homebrew": {
      "inputs": {
        "brew-src": "brew-src",
        "flake-utils": "flake-utils",
        "nix-darwin": "nix-darwin_2",
        "nixpkgs": [
          "nixpkgs"
        ]
      },
      "locked": {
        "lastModified": 1728153462,
        "narHash": "sha256-jOF15LIzDf7SIkbjzhKq9nlnkS1aFTUCiIo92ipXMY4=",
        "owner": "zhaofengli-wip",
        "repo": "nix-homebrew",
        "rev": "86af3bb8f7d365eb496ef5553646ec2fe06a3662",
        "type": "github"
      },
      "original": {
        "owner": "zhaofengli-wip",
        "repo": "nix-homebrew",
        "type": "github"
      }
    },
    "nixpkgs": {
      "locked": {
        "lastModified": 1687274257,
        "narHash": "sha256-TutzPriQcZ8FghDhEolnHcYU2oHIG5XWF+/SUBNnAOE=",
        "path": "/nix/store/22qgs3skscd9bmrxv9xv4q5d4wwm5ppx-source",
        "rev": "2c9ecd1f0400076a4d6b2193ad468ff0a7e7fdc5",
        "type": "path"
      },
      "original": {
        "id": "nixpkgs",
        "type": "indirect"
      }
    },
    "nixpkgs-stable": {
      "locked": {
        "lastModified": 1728156290,
        "narHash": "sha256-uogSvuAp+1BYtdu6UWuObjHqSbBohpyARXDWqgI12Ss=",
        "owner": "NixOS",
        "repo": "nixpkgs",
        "rev": "17ae88b569bb15590549ff478bab6494dde4a907",
        "type": "github"
      },
      "original": {
        "owner": "NixOS",
        "ref": "release-24.05",
        "repo": "nixpkgs",
        "type": "github"
      }
    },
    "nixpkgs_2": {
      "locked": {
        "lastModified": 1728492678,
        "narHash": "sha256-9UTxR8eukdg+XZeHgxW5hQA9fIKHsKCdOIUycTryeVw=",
        "owner": "nixos",
        "repo": "nixpkgs",
        "rev": "5633bcff0c6162b9e4b5f1264264611e950c8ec7",
        "type": "github"
      },
      "original": {
        "owner": "nixos",
        "ref": "nixos-unstable",
        "repo": "nixpkgs",
        "type": "github"
      }
    },
    "root": {
      "inputs": {
        "home-manager": "home-manager",
        "homebrew-bundle": "homebrew-bundle",
        "homebrew-cask": "homebrew-cask",
        "homebrew-core": "homebrew-core",
        "impermanence": "impermanence",
        "nix-darwin": "nix-darwin",
        "nix-homebrew": "nix-homebrew",
        "nixpkgs": "nixpkgs_2",
        "sops-nix": "sops-nix"
      }
    },
    "sops-nix": {
      "inputs": {
        "nixpkgs": [
          "nixpkgs"
        ],
        "nixpkgs-stable": "nixpkgs-stable"
      },
      "locked": {
        "lastModified": 1728345710,
        "narHash": "sha256-lpunY1+bf90ts+sA2/FgxVNIegPDKCpEoWwOPu4ITTQ=",
        "owner": "Mic92",
        "repo": "sops-nix",
        "rev": "06535d0e3d0201e6a8080dd32dbfde339b94f01b",
        "type": "github"
      },
      "original": {
        "owner": "Mic92",
        "repo": "sops-nix",
        "type": "github"
      }
    },
    "systems": {
      "locked": {
        "lastModified": 1681028828,
        "narHash": "sha256-Vy1rq5AaRuLzOxct8nz4T6wlgyUR7zLU309k9mBC768=",
        "owner": "nix-systems",
        "repo": "default",
        "rev": "da67096a3b9bf56a91d16901293e51ba5b49a27e",
        "type": "github"
      },
      "original": {
        "owner": "nix-systems",
        "repo": "default",
        "type": "github"
      }
    }
  },
  "root": "root",
  "version": 7
}
